
Microsoft Visual Studio Solution File, Format Version 12.00
# Visual Studio Version 17
VisualStudioVersion = 17.4.33205.214
MinimumVisualStudioVersion = 10.0.40219.1
Project("{2150E333-8FDC-42A3-9474-1A3956D46DE8}") = "CORE", "CORE", "{E6EFA5A6-A207-40FF-9081-B5D32ECC32AA}"
EndProject
Project("{9A19103F-16F7-4668-BE54-9A1E7A4F7556}") = "RecipeBook.Domain", "RecipeBook.Domain\RecipeBook.Domain.csproj", "{7811A3CE-4F41-47E5-BE19-9F9206E65560}"
EndProject
Project("{9A19103F-16F7-4668-BE54-9A1E7A4F7556}") = "RecipeBook.Application", "RecipeBook.Application\RecipeBook.Application.csproj", "{8317E064-DE44-4293-98EB-B51515BB4922}"
EndProject
Project("{2150E333-8FDC-42A3-9474-1A3956D46DE8}") = "Infrastructure", "Infrastructure", "{25A18357-C2AF-4DE3-B55B-5F27351686B0}"
EndProject
Project("{9A19103F-16F7-4668-BE54-9A1E7A4F7556}") = "RecipeBook.Persistence", "RecipeBook.Persistence\RecipeBook.Persistence.csproj", "{3D27DCE7-D8C3-401D-8672-7F47103A96BE}"
EndProject
Project("{9A19103F-16F7-4668-BE54-9A1E7A4F7556}") = "RecipeBook.Identity", "RecipeBook.Identity\RecipeBook.Identity.csproj", "{EB5FA5CD-ADA8-439B-B905-22E6C27898FF}"
EndProject
Project("{2150E333-8FDC-42A3-9474-1A3956D46DE8}") = "API", "API", "{4DC0D95B-1D69-4449-9B23-DB5DC7B21F41}"
EndProject
Project("{2150E333-8FDC-42A3-9474-1A3956D46DE8}") = "src", "src", "{8C936BD0-0E5B-4B14-BE18-84DB52EE794A}"
EndProject
Project("{9A19103F-16F7-4668-BE54-9A1E7A4F7556}") = "RecipeBook.API", "RecipeBook.API\RecipeBook.API.csproj", "{D8C78B4D-B9C9-42A1-90ED-F4E2C47F5534}"
EndProject
Project("{2150E333-8FDC-42A3-9474-1A3956D46DE8}") = "UI", "UI", "{FBC375BD-C156-4700-9EA0-8A733ADFDB78}"
EndProject
Project("{54A90642-561A-4BB1-A94E-469ADEE60C69}") = "RecipeBook.UI", "RecipeBook.UI\RecipeBook.UI.esproj", "{93045DCE-C177-4F33-AD29-395A05FE12FF}"
EndProject
Global
	GlobalSection(SolutionConfigurationPlatforms) = preSolution
		Debug|Any CPU = Debug|Any CPU
		Release|Any CPU = Release|Any CPU
	EndGlobalSection
	GlobalSection(ProjectConfigurationPlatforms) = postSolution
		{7811A3CE-4F41-47E5-BE19-9F9206E65560}.Debug|Any CPU.ActiveCfg = Debug|Any CPU
		{7811A3CE-4F41-47E5-BE19-9F9206E65560}.Debug|Any CPU.Build.0 = Debug|Any CPU
		{7811A3CE-4F41-47E5-BE19-9F9206E65560}.Release|Any CPU.ActiveCfg = Release|Any CPU
		{7811A3CE-4F41-47E5-BE19-9F9206E65560}.Release|Any CPU.Build.0 = Release|Any CPU
		{8317E064-DE44-4293-98EB-B51515BB4922}.Debug|Any CPU.ActiveCfg = Debug|Any CPU
		{8317E064-DE44-4293-98EB-B51515BB4922}.Debug|Any CPU.Build.0 = Debug|Any CPU
		{8317E064-DE44-4293-98EB-B51515BB4922}.Release|Any CPU.ActiveCfg = Release|Any CPU
		{8317E064-DE44-4293-98EB-B51515BB4922}.Release|Any CPU.Build.0 = Release|Any CPU
		{3D27DCE7-D8C3-401D-8672-7F47103A96BE}.Debug|Any CPU.ActiveCfg = Debug|Any CPU
		{3D27DCE7-D8C3-401D-8672-7F47103A96BE}.Debug|Any CPU.Build.0 = Debug|Any CPU
		{3D27DCE7-D8C3-401D-8672-7F47103A96BE}.Release|Any CPU.ActiveCfg = Release|Any CPU
		{3D27DCE7-D8C3-401D-8672-7F47103A96BE}.Release|Any CPU.Build.0 = Release|Any CPU
		{EB5FA5CD-ADA8-439B-B905-22E6C27898FF}.Debug|Any CPU.ActiveCfg = Debug|Any CPU
		{EB5FA5CD-ADA8-439B-B905-22E6C27898FF}.Debug|Any CPU.Build.0 = Debug|Any CPU
		{EB5FA5CD-ADA8-439B-B905-22E6C27898FF}.Release|Any CPU.ActiveCfg = Release|Any CPU
		{EB5FA5CD-ADA8-439B-B905-22E6C27898FF}.Release|Any CPU.Build.0 = Release|Any CPU
		{D8C78B4D-B9C9-42A1-90ED-F4E2C47F5534}.Debug|Any CPU.ActiveCfg = Debug|Any CPU
		{D8C78B4D-B9C9-42A1-90ED-F4E2C47F5534}.Debug|Any CPU.Build.0 = Debug|Any CPU
		{D8C78B4D-B9C9-42A1-90ED-F4E2C47F5534}.Release|Any CPU.ActiveCfg = Release|Any CPU
		{D8C78B4D-B9C9-42A1-90ED-F4E2C47F5534}.Release|Any CPU.Build.0 = Release|Any CPU
		{93045DCE-C177-4F33-AD29-395A05FE12FF}.Debug|Any CPU.ActiveCfg = Debug|Any CPU
		{93045DCE-C177-4F33-AD29-395A05FE12FF}.Debug|Any CPU.Build.0 = Debug|Any CPU
		{93045DCE-C177-4F33-AD29-395A05FE12FF}.Debug|Any CPU.Deploy.0 = Debug|Any CPU
		{93045DCE-C177-4F33-AD29-395A05FE12FF}.Release|Any CPU.ActiveCfg = Release|Any CPU
		{93045DCE-C177-4F33-AD29-395A05FE12FF}.Release|Any CPU.Build.0 = Release|Any CPU
		{93045DCE-C177-4F33-AD29-395A05FE12FF}.Release|Any CPU.Deploy.0 = Release|Any CPU
	EndGlobalSection
	GlobalSection(SolutionProperties) = preSolution
		HideSolutionNode = FALSE
	EndGlobalSection
	GlobalSection(NestedProjects) = preSolution
		{E6EFA5A6-A207-40FF-9081-B5D32ECC32AA} = {8C936BD0-0E5B-4B14-BE18-84DB52EE794A}
		{7811A3CE-4F41-47E5-BE19-9F9206E65560} = {E6EFA5A6-A207-40FF-9081-B5D32ECC32AA}
		{8317E064-DE44-4293-98EB-B51515BB4922} = {E6EFA5A6-A207-40FF-9081-B5D32ECC32AA}
		{25A18357-C2AF-4DE3-B55B-5F27351686B0} = {8C936BD0-0E5B-4B14-BE18-84DB52EE794A}
		{3D27DCE7-D8C3-401D-8672-7F47103A96BE} = {25A18357-C2AF-4DE3-B55B-5F27351686B0}
		{EB5FA5CD-ADA8-439B-B905-22E6C27898FF} = {25A18357-C2AF-4DE3-B55B-5F27351686B0}
		{4DC0D95B-1D69-4449-9B23-DB5DC7B21F41} = {8C936BD0-0E5B-4B14-BE18-84DB52EE794A}
		{D8C78B4D-B9C9-42A1-90ED-F4E2C47F5534} = {4DC0D95B-1D69-4449-9B23-DB5DC7B21F41}
		{FBC375BD-C156-4700-9EA0-8A733ADFDB78} = {8C936BD0-0E5B-4B14-BE18-84DB52EE794A}
		{93045DCE-C177-4F33-AD29-395A05FE12FF} = {FBC375BD-C156-4700-9EA0-8A733ADFDB78}
	EndGlobalSection
	GlobalSection(ExtensibilityGlobals) = postSolution
		SolutionGuid = {F4E43C8F-FA73-4733-89AB-F412F02236DE}
	EndGlobalSection
EndGlobal
